
Microsoft Visual Studio Solution File, Format Version 12.00
# Visual Studio Version 17
VisualStudioVersion = 17.0.31612.314
MinimumVisualStudioVersion = 10.0.40219.1
Project("{9A19103F-16F7-4668-BE54-9A1E7A4F7556}") = "Westwind.AspNetCore", "Westwind.AspNetCore\Westwind.AspNetCore.csproj", "{EB608605-BA27-43E9-9498-80180E357E08}"
EndProject
Project("{2150E333-8FDC-42A3-9474-1A3956D46DE8}") = "Documents", "Documents", "{A19A5704-188F-4EF4-9FB6-2E21BC6D218C}"
	ProjectSection(SolutionItems) = preProject
		Changelog.md = Changelog.md
		readme.md = readme.md
	EndProjectSection
EndProject
Project("{FAE04EC0-301F-11D3-BF4B-00C04F79EFBC}") = "WestWind.AspNetCore.Sample", "WestWind.AspNetCore.Sample\WestWind.AspNetCore.Sample.csproj", "{0F99205E-DFF4-4D41-9B43-9E93084CCDD2}"
EndProject
Global
	GlobalSection(SolutionConfigurationPlatforms) = preSolution
		Debug|Any CPU = Debug|Any CPU
		Release|Any CPU = Release|Any CPU
	EndGlobalSection
	GlobalSection(ProjectConfigurationPlatforms) = postSolution
		{EB608605-BA27-43E9-9498-80180E357E08}.Debug|Any CPU.ActiveCfg = Debug|Any CPU
		{EB608605-BA27-43E9-9498-80180E357E08}.Debug|Any CPU.Build.0 = Debug|Any CPU
		{EB608605-BA27-43E9-9498-80180E357E08}.Release|Any CPU.ActiveCfg = Release|Any CPU
		{EB608605-BA27-43E9-9498-80180E357E08}.Release|Any CPU.Build.0 = Release|Any CPU
		{0F99205E-DFF4-4D41-9B43-9E93084CCDD2}.Debug|Any CPU.ActiveCfg = Debug|Any CPU
		{0F99205E-DFF4-4D41-9B43-9E93084CCDD2}.Debug|Any CPU.Build.0 = Debug|Any CPU
		{0F99205E-DFF4-4D41-9B43-9E93084CCDD2}.Release|Any CPU.ActiveCfg = Release|Any CPU
		{0F99205E-DFF4-4D41-9B43-9E93084CCDD2}.Release|Any CPU.Build.0 = Release|Any CPU
	EndGlobalSection
	GlobalSection(SolutionProperties) = preSolution
		HideSolutionNode = FALSE
	EndGlobalSection
	GlobalSection(ExtensibilityGlobals) = postSolution
		SolutionGuid = {A99B9F5C-0079-41B6-B97A-481AA60FBFFB}
	EndGlobalSection
EndGlobal
